
Microsoft Visual Studio Solution File, Format Version 12.00
# Visual Studio Version 17
VisualStudioVersion = 17.11.35312.102
MinimumVisualStudioVersion = 10.0.40219.1
Project("{9A19103F-16F7-4668-BE54-9A1E7A4F7556}") = "personapi-dotnet", "personapi\personapi-dotnet.csproj", "{462A49AE-FA46-4BF2-9A7B-748CA337B0DB}"
EndProject
Global
	GlobalSection(SolutionConfigurationPlatforms) = preSolution
		Debug|Any CPU = Debug|Any CPU
		Release|Any CPU = Release|Any CPU
	EndGlobalSection
	GlobalSection(ProjectConfigurationPlatforms) = postSolution
		{462A49AE-FA46-4BF2-9A7B-748CA337B0DB}.Debug|Any CPU.ActiveCfg = Debug|Any CPU
		{462A49AE-FA46-4BF2-9A7B-748CA337B0DB}.Debug|Any CPU.Build.0 = Debug|Any CPU
		{462A49AE-FA46-4BF2-9A7B-748CA337B0DB}.Release|Any CPU.ActiveCfg = Release|Any CPU
		{462A49AE-FA46-4BF2-9A7B-748CA337B0DB}.Release|Any CPU.Build.0 = Release|Any CPU
	EndGlobalSection
	GlobalSection(SolutionProperties) = preSolution
		HideSolutionNode = FALSE
	EndGlobalSection
	GlobalSection(ExtensibilityGlobals) = postSolution
		SolutionGuid = {D412ADD1-C79C-4185-A001-F4490EF1F5F1}
	EndGlobalSection
EndGlobal
